// !$*UTF8*$!
{
	archiveVersion = 1;
	classes = {
	};
	objectVersion = 50;
	objects = {

/* Begin PBXBuildFile section */
		499093D92166FDCC000CAB63 /* AppDelegate.swift in Sources */ = {isa = PBXBuildFile; fileRef = 499093D82166FDCC000CAB63 /* AppDelegate.swift */; };
		499093DB2166FDCC000CAB63 /* ViewController.swift in Sources */ = {isa = PBXBuildFile; fileRef = 499093DA2166FDCC000CAB63 /* ViewController.swift */; };
		499093DE2166FDCC000CAB63 /* Main.storyboard in Resources */ = {isa = PBXBuildFile; fileRef = 499093DC2166FDCC000CAB63 /* Main.storyboard */; };
		499093E12166FDCC000CAB63 /* DeliveryDroid.xcdatamodeld in Sources */ = {isa = PBXBuildFile; fileRef = 499093DF2166FDCC000CAB63 /* DeliveryDroid.xcdatamodeld */; };
		499093E32166FDCE000CAB63 /* Assets.xcassets in Resources */ = {isa = PBXBuildFile; fileRef = 499093E22166FDCE000CAB63 /* Assets.xcassets */; };
		499093E62166FDCE000CAB63 /* LaunchScreen.storyboard in Resources */ = {isa = PBXBuildFile; fileRef = 499093E42166FDCE000CAB63 /* LaunchScreen.storyboard */; };
/* End PBXBuildFile section */

/* Begin PBXFileReference section */
		499093D52166FDCC000CAB63 /* DeliveryDroid.app */ = {isa = PBXFileReference; explicitFileType = wrapper.application; includeInIndex = 0; path = DeliveryDroid.app; sourceTree = BUILT_PRODUCTS_DIR; };
		499093D82166FDCC000CAB63 /* AppDelegate.swift */ = {isa = PBXFileReference; lastKnownFileType = sourcecode.swift; path = AppDelegate.swift; sourceTree = "<group>"; };
		499093DA2166FDCC000CAB63 /* ViewController.swift */ = {isa = PBXFileReference; lastKnownFileType = sourcecode.swift; path = ViewController.swift; sourceTree = "<group>"; };
		499093DD2166FDCC000CAB63 /* Base */ = {isa = PBXFileReference; lastKnownFileType = file.storyboard; name = Base; path = Base.lproj/Main.storyboard; sourceTree = "<group>"; };
		499093E02166FDCC000CAB63 /* DeliveryDroid.xcdatamodel */ = {isa = PBXFileReference; lastKnownFileType = wrapper.xcdatamodel; path = DeliveryDroid.xcdatamodel; sourceTree = "<group>"; };
		499093E22166FDCE000CAB63 /* Assets.xcassets */ = {isa = PBXFileReference; lastKnownFileType = folder.assetcatalog; path = Assets.xcassets; sourceTree = "<group>"; };
		499093E52166FDCE000CAB63 /* Base */ = {isa = PBXFileReference; lastKnownFileType = file.storyboard; name = Base; path = Base.lproj/LaunchScreen.storyboard; sourceTree = "<group>"; };
		499093E72166FDCE000CAB63 /* Info.plist */ = {isa = PBXFileReference; lastKnownFileType = text.plist.xml; path = Info.plist; sourceTree = "<group>"; };
/* End PBXFileReference section */

/* Begin PBXFrameworksBuildPhase section */
		499093D22166FDCC000CAB63 /* Frameworks */ = {
			isa = PBXFrameworksBuildPhase;
			buildActionMask = 2147483647;
			files = (
			);
			runOnlyForDeploymentPostprocessing = 0;
		};
/* End PBXFrameworksBuildPhase section */

/* Begin PBXGroup section */
		499093CC2166FDCC000CAB63 = {
			isa = PBXGroup;
			children = (
				499093D72166FDCC000CAB63 /* DeliveryDroid */,
				499093D62166FDCC000CAB63 /* Products */,
			);
			sourceTree = "<group>";
		};
		499093D62166FDCC000CAB63 /* Products */ = {
			isa = PBXGroup;
			children = (
				499093D52166FDCC000CAB63 /* DeliveryDroid.app */,
			);
			name = Products;
			sourceTree = "<group>";
		};
		499093D72166FDCC000CAB63 /* DeliveryDroid */ = {
			isa = PBXGroup;
			children = (
				499093D82166FDCC000CAB63 /* AppDelegate.swift */,
				499093DA2166FDCC000CAB63 /* ViewController.swift */,
				499093DC2166FDCC000CAB63 /* Main.storyboard */,
				499093E22166FDCE000CAB63 /* Assets.xcassets */,
				499093E42166FDCE000CAB63 /* LaunchScreen.storyboard */,
				499093E72166FDCE000CAB63 /* Info.plist */,
				499093DF2166FDCC000CAB63 /* DeliveryDroid.xcdatamodeld */,
			);
			path = DeliveryDroid;
			sourceTree = "<group>";
		};
/* End PBXGroup section */

/* Begin PBXNativeTarget section */
		499093D42166FDCC000CAB63 /* DeliveryDroid */ = {
			isa = PBXNativeTarget;
			buildConfigurationList = 499093EA2166FDCE000CAB63 /* Build configuration list for PBXNativeTarget "DeliveryDroid" */;
			buildPhases = (
				499093D12166FDCC000CAB63 /* Sources */,
				499093D22166FDCC000CAB63 /* Frameworks */,
				499093D32166FDCC000CAB63 /* Resources */,
			);
			buildRules = (
			);
			dependencies = (
			);
			name = DeliveryDroid;
			productName = DeliveryDroid;
			productReference = 499093D52166FDCC000CAB63 /* DeliveryDroid.app */;
			productType = "com.apple.product-type.application";
		};
/* End PBXNativeTarget section */

/* Begin PBXProject section */
		499093CD2166FDCC000CAB63 /* Project object */ = {
			isa = PBXProject;
			attributes = {
				LastSwiftUpdateCheck = 1000;
				LastUpgradeCheck = 1000;
				ORGANIZATIONNAME = "Marc Kluver";
				TargetAttributes = {
					499093D42166FDCC000CAB63 = {
						CreatedOnToolsVersion = 10.0;
					};
				};
			};
			buildConfigurationList = 499093D02166FDCC000CAB63 /* Build configuration list for PBXProject "DeliveryDroid" */;
			compatibilityVersion = "Xcode 9.3";
			developmentRegion = en;
			hasScannedForEncodings = 0;
			knownRegions = (
				en,
				Base,
			);
			mainGroup = 499093CC2166FDCC000CAB63;
			productRefGroup = 499093D62166FDCC000CAB63 /* Products */;
			projectDirPath = "";
			projectRoot = "";
			targets = (
				499093D42166FDCC000CAB63 /* DeliveryDroid */,
			);
		};
/* End PBXProject section */

/* Begin PBXResourcesBuildPhase section */
		499093D32166FDCC000CAB63 /* Resources */ = {
			isa = PBXResourcesBuildPhase;
			buildActionMask = 2147483647;
			files = (
				499093E62166FDCE000CAB63 /* LaunchScreen.storyboard in Resources */,
				499093E32166FDCE000CAB63 /* Assets.xcassets in Resources */,
				499093DE2166FDCC000CAB63 /* Main.storyboard in Resources */,
			);
			runOnlyForDeploymentPostprocessing = 0;
		};
/* End PBXResourcesBuildPhase section */

/* Begin PBXSourcesBuildPhase section */
		499093D12166FDCC000CAB63 /* Sources */ = {
			isa = PBXSourcesBuildPhase;
			buildActionMask = 2147483647;
			files = (
				499093DB2166FDCC000CAB63 /* ViewController.swift in Sources */,
				499093D92166FDCC000CAB63 /* AppDelegate.swift in Sources */,
				499093E12166FDCC000CAB63 /* DeliveryDroid.xcdatamodeld in Sources */,
			);
			runOnlyForDeploymentPostprocessing = 0;
		};
/* End PBXSourcesBuildPhase section */

/* Begin PBXVariantGroup section */
		499093DC2166FDCC000CAB63 /* Main.storyboard */ = {
			isa = PBXVariantGroup;
			children = (
				499093DD2166FDCC000CAB63 /* Base */,
			);
			name = Main.storyboard;
			sourceTree = "<group>";
		};
		499093E42166FDCE000CAB63 /* LaunchScreen.storyboard */ = {
			isa = PBXVariantGroup;
			children = (
				499093E52166FDCE000CAB63 /* Base */,
			);
			name = LaunchScreen.storyboard;
			sourceTree = "<group>";
		};
/* End PBXVariantGroup section */

/* Begin XCBuildConfiguration section */
		499093E82166FDCE000CAB63 /* Debug */ = {
			isa = XCBuildConfiguration;
			buildSettings = {
				ALWAYS_SEARCH_USER_PATHS = NO;
				CLANG_ANALYZER_NONNULL = YES;
				CLANG_ANALYZER_NUMBER_OBJECT_CONVERSION = YES_AGGRESSIVE;
				CLANG_CXX_LANGUAGE_STANDARD = "gnu++14";
				CLANG_CXX_LIBRARY = "libc++";
				CLANG_ENABLE_MODULES = YES;
				CLANG_ENABLE_OBJC_ARC = YES;
				CLANG_ENABLE_OBJC_WEAK = YES;
				CLANG_WARN_BLOCK_CAPTURE_AUTORELEASING = YES;
				CLANG_WARN_BOOL_CONVERSION = YES;
				CLANG_WARN_COMMA = YES;
				CLANG_WARN_CONSTANT_CONVERSION = YES;
				CLANG_WARN_DEPRECATED_OBJC_IMPLEMENTATIONS = YES;
				CLANG_WARN_DIRECT_OBJC_ISA_USAGE = YES_ERROR;
				CLANG_WARN_DOCUMENTATION_COMMENTS = YES;
				CLANG_WARN_EMPTY_BODY = YES;
				CLANG_WARN_ENUM_CONVERSION = YES;
				CLANG_WARN_INFINITE_RECURSION = YES;
				CLANG_WARN_INT_CONVERSION = YES;
				CLANG_WARN_NON_LITERAL_NULL_CONVERSION = YES;
				CLANG_WARN_OBJC_IMPLICIT_RETAIN_SELF = YES;
				CLANG_WARN_OBJC_LITERAL_CONVERSION = YES;
				CLANG_WARN_OBJC_ROOT_CLASS = YES_ERROR;
				CLANG_WARN_RANGE_LOOP_ANALYSIS = YES;
				CLANG_WARN_STRICT_PROTOTYPES = YES;
				CLANG_WARN_SUSPICIOUS_MOVE = YES;
				CLANG_WARN_UNGUARDED_AVAILABILITY = YES_AGGRESSIVE;
				CLANG_WARN_UNREACHABLE_CODE = YES;
				CLANG_WARN__DUPLICATE_METHOD_MATCH = YES;
				CODE_SIGN_IDENTITY = "iPhone Developer";
				COPY_PHASE_STRIP = NO;
				DEBUG_INFORMATION_FORMAT = dwarf;
				ENABLE_STRICT_OBJC_MSGSEND = YES;
				ENABLE_TESTABILITY = YES;
				GCC_C_LANGUAGE_STANDARD = gnu11;
				GCC_DYNAMIC_NO_PIC = NO;
				GCC_NO_COMMON_BLOCKS = YES;
				GCC_OPTIMIZATION_LEVEL = 0;
				GCC_PREPROCESSOR_DEFINITIONS = (
					"DEBUG=1",
					"$(inherited)",
				);
				GCC_WARN_64_TO_32_BIT_CONVERSION = YES;
				GCC_WARN_ABOUT_RETURN_TYPE = YES_ERROR;
				GCC_WARN_UNDECLARED_SELECTOR = YES;
				GCC_WARN_UNINITIALIZED_AUTOS = YES_AGGRESSIVE;
				GCC_WARN_UNUSED_FUNCTION = YES;
				GCC_WARN_UNUSED_VARIABLE = YES;
				IPHONEOS_DEPLOYMENT_TARGET = 12.0;
				MTL_ENABLE_DEBUG_INFO = INCLUDE_SOURCE;
				MTL_FAST_MATH = YES;
				ONLY_ACTIVE_ARCH = YES;
				SDKROOT = iphoneos;
				SWIFT_ACTIVE_COMPILATION_CONDITIONS = DEBUG;
				SWIFT_OPTIMIZATION_LEVEL = "-Onone";
			};
			name = Debug;
		};
		499093E92166FDCE000CAB63 /* Release */ = {
			isa = XCBuildConfiguration;
			buildSettings = {
				ALWAYS_SEARCH_USER_PATHS = NO;
				CLANG_ANALYZER_NONNULL = YES;
				CLANG_ANALYZER_NUMBER_OBJECT_CONVERSION = YES_AGGRESSIVE;
				CLANG_CXX_LANGUAGE_STANDARD = "gnu++14";
				CLANG_CXX_LIBRARY = "libc++";
				CLANG_ENABLE_MODULES = YES;
				CLANG_ENABLE_OBJC_ARC = YES;
				CLANG_ENABLE_OBJC_WEAK = YES;
				CLANG_WARN_BLOCK_CAPTURE_AUTORELEASING = YES;
				CLANG_WARN_BOOL_CONVERSION = YES;
				CLANG_WARN_COMMA = YES;
				CLANG_WARN_CONSTANT_CONVERSION = YES;
				CLANG_WARN_DEPRECATED_OBJC_IMPLEMENTATIONS = YES;
				CLANG_WARN_DIRECT_OBJC_ISA_USAGE = YES_ERROR;
				CLANG_WARN_DOCUMENTATION_COMMENTS = YES;
				CLANG_WARN_EMPTY_BODY = YES;
				CLANG_WARN_ENUM_CONVERSION = YES;
				CLANG_WARN_INFINITE_RECURSION = YES;
				CLANG_WARN_INT_CONVERSION = YES;
				CLANG_WARN_NON_LITERAL_NULL_CONVERSION = YES;
				CLANG_WARN_OBJC_IMPLICIT_RETAIN_SELF = YES;
				CLANG_WARN_OBJC_LITERAL_CONVERSION = YES;
				CLANG_WARN_OBJC_ROOT_CLASS = YES_ERROR;
				CLANG_WARN_RANGE_LOOP_ANALYSIS = YES;
				CLANG_WARN_STRICT_PROTOTYPES = YES;
				CLANG_WARN_SUSPICIOUS_MOVE = YES;
				CLANG_WARN_UNGUARDED_AVAILABILITY = YES_AGGRESSIVE;
				CLANG_WARN_UNREACHABLE_CODE = YES;
				CLANG_WARN__DUPLICATE_METHOD_MATCH = YES;
				CODE_SIGN_IDENTITY = "iPhone Developer";
				COPY_PHASE_STRIP = NO;
				DEBUG_INFORMATION_FORMAT = "dwarf-with-dsym";
				ENABLE_NS_ASSERTIONS = NO;
				ENABLE_STRICT_OBJC_MSGSEND = YES;
				GCC_C_LANGUAGE_STANDARD = gnu11;
				GCC_NO_COMMON_BLOCKS = YES;
				GCC_WARN_64_TO_32_BIT_CONVERSION = YES;
				GCC_WARN_ABOUT_RETURN_TYPE = YES_ERROR;
				GCC_WARN_UNDECLARED_SELECTOR = YES;
				GCC_WARN_UNINITIALIZED_AUTOS = YES_AGGRESSIVE;
				GCC_WARN_UNUSED_FUNCTION = YES;
				GCC_WARN_UNUSED_VARIABLE = YES;
				IPHONEOS_DEPLOYMENT_TARGET = 12.0;
				MTL_ENABLE_DEBUG_INFO = NO;
				MTL_FAST_MATH = YES;
				SDKROOT = iphoneos;
				SWIFT_COMPILATION_MODE = wholemodule;
				SWIFT_OPTIMIZATION_LEVEL = "-O";
				VALIDATE_PRODUCT = YES;
			};
			name = Release;
		};
		499093EB2166FDCE000CAB63 /* Debug */ = {
			isa = XCBuildConfiguration;
			buildSettings = {
				ASSETCATALOG_COMPILER_APPICON_NAME = AppIcon;
				CODE_SIGN_STYLE = Automatic;
				INFOPLIST_FILE = DeliveryDroid/Info.plist;
				LD_RUNPATH_SEARCH_PATHS = (
					"$(inherited)",
					"@executable_path/Frameworks",
				);
				PRODUCT_BUNDLE_IDENTIFIER = catglo.DeliveryDroid;
				PRODUCT_NAME = "$(TARGET_NAME)";
				SWIFT_VERSION = 4.2;
				TARGETED_DEVICE_FAMILY = "1,2";
			};
			name = Debug;
		};
		499093EC2166FDCE000CAB63 /* Release */ = {
			isa = XCBuildConfiguration;
			buildSettings = {
				ASSETCATALOG_COMPILER_APPICON_NAME = AppIcon;
				CODE_SIGN_STYLE = Automatic;
				INFOPLIST_FILE = DeliveryDroid/Info.plist;
				LD_RUNPATH_SEARCH_PATHS = (
					"$(inherited)",
					"@executable_path/Frameworks",
				);
				PRODUCT_BUNDLE_IDENTIFIER = catglo.DeliveryDroid;
				PRODUCT_NAME = "$(TARGET_NAME)";
				SWIFT_VERSION = 4.2;
				TARGETED_DEVICE_FAMILY = "1,2";
			};
			name = Release;
		};
/* End XCBuildConfiguration section */

/* Begin XCConfigurationList section */
		499093D02166FDCC000CAB63 /* Build configuration list for PBXProject "DeliveryDroid" */ = {
			isa = XCConfigurationList;
			buildConfigurations = (
				499093E82166FDCE000CAB63 /* Debug */,
				499093E92166FDCE000CAB63 /* Release */,
			);
			defaultConfigurationIsVisible = 0;
			defaultConfigurationName = Release;
		};
		499093EA2166FDCE000CAB63 /* Build configuration list for PBXNativeTarget "DeliveryDroid" */ = {
			isa = XCConfigurationList;
			buildConfigurations = (
				499093EB2166FDCE000CAB63 /* Debug */,
				499093EC2166FDCE000CAB63 /* Release */,
			);
			defaultConfigurationIsVisible = 0;
			defaultConfigurationName = Release;
		};
/* End XCConfigurationList section */

/* Begin XCVersionGroup section */
		499093DF2166FDCC000CAB63 /* DeliveryDroid.xcdatamodeld */ = {
			isa = XCVersionGroup;
			children = (
				499093E02166FDCC000CAB63 /* DeliveryDroid.xcdatamodel */,
			);
			currentVersion = 499093E02166FDCC000CAB63 /* DeliveryDroid.xcdatamodel */;
			path = DeliveryDroid.xcdatamodeld;
			sourceTree = "<group>";
			versionGroupType = wrapper.xcdatamodel;
		};
/* End XCVersionGroup section */
	};
	rootObject = 499093CD2166FDCC000CAB63 /* Project object */;
}
